{
  "name": "miniprogram-ts-less-quickstart",
  "version": "1.0.0",
  "lockfileVersion": 3,
  "requires": true,
  "packages": {
    "": {
      "name": "miniprogram-ts-less-quickstart",
      "version": "1.0.0",
      "license": "ISC",
      "dependencies": {
        "@vant/weapp": "^1.10.15"
      },
      "devDependencies": {
        "miniprogram-api-typings": "3.9.1"
      }
    },
    "node_modules/@vant/weapp": {
      "version": "1.10.15",
      "resolved": "https://registry.npmjs.org/@vant/weapp/-/weapp-1.10.15.tgz",
      "integrity": "sha512-swM4k3pVwt/6Tnijvq86paLiKE1CzbrBQ4lR7+9uRhwKOM0HS3ooK1Q4IjSEyxQ59ZFKmYYvZln77RZcnSDqmA=="
    },
    "node_modules/miniprogram-api-typings": {
      "version": "3.9.1",
      "resolved": "https://registry.npmjs.org/miniprogram-api-typings/-/miniprogram-api-typings-3.9.1.tgz",
      "integrity": "sha512-oyratzOWyuFhBzONp06l0FBPu03ltCd1sRWoy2v38SnAKxtpZ8ySLTSEw//hIsBdocMda7fFZEjOG57L57mcUw==",
      "dev": true
    }
  }
}
